
Microsoft Visual Studio Solution File, Format Version 12.00
# Visual Studio Version 17
VisualStudioVersion = 17.6.33815.320
MinimumVisualStudioVersion = 10.0.40219.1
Project("{FAE04EC0-301F-11D3-BF4B-00C04F79EFBC}") = "ConsoleAssin444", "ConsoleAssin444\ConsoleAssin444.csproj", "{C3454B4D-3CDF-432D-9A84-566E12F35420}"
EndProject
Global
	GlobalSection(SolutionConfigurationPlatforms) = preSolution
		Debug|Any CPU = Debug|Any CPU
		Release|Any CPU = Release|Any CPU
	EndGlobalSection
	GlobalSection(ProjectConfigurationPlatforms) = postSolution
		{C3454B4D-3CDF-432D-9A84-566E12F35420}.Debug|Any CPU.ActiveCfg = Debug|Any CPU
		{C3454B4D-3CDF-432D-9A84-566E12F35420}.Debug|Any CPU.Build.0 = Debug|Any CPU
		{C3454B4D-3CDF-432D-9A84-566E12F35420}.Release|Any CPU.ActiveCfg = Release|Any CPU
		{C3454B4D-3CDF-432D-9A84-566E12F35420}.Release|Any CPU.Build.0 = Release|Any CPU
	EndGlobalSection
	GlobalSection(SolutionProperties) = preSolution
		HideSolutionNode = FALSE
	EndGlobalSection
	GlobalSection(ExtensibilityGlobals) = postSolution
		SolutionGuid = {D5C79628-E618-4D76-A71F-20DB9E309387}
	EndGlobalSection
EndGlobal
